version = 1
revision = 2
requires-python = "==3.10.*"

[[package]]
name = "certifi"
version = "2026.7.22"
source = { registry = "https://pypi.org/simple" }
sdist = { url = "https://files.pythonhosted.org/packages/a3/c2/24167ea9858356b47a87a50d39908bfdb72ceeefe0041586e704e5376b3a/certifi-2026.7.22.tar.gz", hash = "sha256:741e2c3b351ddf169a738da9f2c048608ff7f2c5cc02f1ebc6b118bb090d5d55", size = 138112, upload-time = "2026-07-22T03:35:12.644Z" }
wheels = [
    { url = "https://files.pythonhosted.org/packages/0b/a7/71ac2cff56fec219ed242bb11b8efb69fcc4bec75db06fb7bfe35de520e6/certifi-2026.7.22-py3-none-any.whl", hash = "sha256:62f22742b58a1a33014a2b6b706588a8d7e2a88ae7bd1a6ebe8c992928483775", size = 136983, upload-time = "2026-07-22T03:35:11.276Z" },
]

[[package]]
name = "cftime"
version = "1.6.5"
source = { registry = "https://pypi.org/simple" }
dependencies = [
    { name = "numpy" },
]
sdist = { url = "https://files.pythonhosted.org/packages/65/dc/470ffebac2eb8c54151eb893055024fe81b1606e7c6ff8449a588e9cd17f/cftime-1.6.5.tar.gz", hash = "sha256:8225fed6b9b43fb87683ebab52130450fc1730011150d3092096a90e54d1e81e", size = 326605, upload-time = "2025-10-13T18:56:26.352Z" }
wheels = [
    { url = "https://files.pythonhosted.org/packages/78/45/dcc38d7b293107d3e33b3d94b2619687eb414a4f16880e2e841cdb6ac49a/cftime-1.6.5-cp310-cp310-macosx_10_9_x86_64.whl", hash = "sha256:8ad81e8cb0eb873b33c3d1e22c6168163fdc64daa8f7aeb4da8092f272575f4d", size = 510221, upload-time = "2025-10-13T18:55:52.976Z" },
    { url = "https://files.pythonhosted.org/packages/68/63/2875341516fcfe80f1a16f86b420aec9441223ab5381d554441c9fdae56e/cftime-1.6.5-cp310-cp310-macosx_11_0_arm64.whl", hash = "sha256:12d95c6af852114a13301c5a61e41afdbd1542e72939c1083796f8418b9b8b0e", size = 490684, upload-time = "2025-10-13T18:55:54.685Z" },
    { url = "https://files.pythonhosted.org/packages/80/7f/85f2c4c7ae8300b7871af7d7d144ad06f71dc0dd6258f0d18fd966067d1b/cftime-1.6.5-cp310-cp310-manylinux2014_aarch64.manylinux_2_17_aarch64.whl", hash = "sha256:2659b7df700e27d9e3671f686ce474dfb5fc274966961edf996acc148dfa094a", size = 1592268, upload-time = "2025-10-13T19:39:10.992Z" },
    { url = "https://files.pythonhosted.org/packages/6c/9a/72dbd72498e958edf41a770bbd05e68141774325a945092059f4eb9c653d/cftime-1.6.5-cp310-cp310-manylinux2014_x86_64.manylinux_2_17_x86_64.whl", hash = "sha256:94cebdfcda6a985b8e69aed22d00d6b8aa1f421495adbdcff1d59b3e896d81e2", size = 1624716, upload-time = "2025-10-13T18:55:55.848Z" },
    { url = "https://files.pythonhosted.org/packages/bc/9e/2c4c720ad8bbe87994ca62a0e3c09d3786b984af664a91a6f3a668aa0b13/cftime-1.6.5-cp310-cp310-musllinux_1_2_x86_64.whl", hash = "sha256:179681b023349a2fe277ceccc89d4fc52c0dd105cb59b7187b5bc5d442875133", size = 1705927, upload-time = "2025-10-13T18:55:57.711Z" },
    { url = "https://files.pythonhosted.org/packages/da/77/66484061dee5fbcb2fdcfa6a491d4efb880725117f4a339d20a5323105df/cftime-1.6.5-cp310-cp310-win_amd64.whl", hash = "sha256:d8b9fdecb466879cfe8ca4472b229b6f8d0bb65e4ffd44266ae17484bac2cf38", size = 472435, upload-time = "2025-10-13T18:55:59.092Z" },
]

[[package]]
name = "netcdf4"
version = "1.7.2"
source = { registry = "https://pypi.org/simple" }
dependencies = [
    { name = "certifi" },
    { name = "cftime" },
    { name = "numpy" },
]
sdist = { url = "https://files.pythonhosted.org/packages/71/ed/4d27fcfa40ebfdad3d2088a3de7ee48dbff7f35163e815ec1870d2a7398c/netcdf4-1.7.2.tar.gz", hash = "sha256:a4c6375540b19989896136943abb6d44850ff6f1fa7d3f063253b1ad3f8b7fce", size = 835064, upload-time = "2024-10-22T19:01:25.521Z" }
wheels = [
    { url = "https://files.pythonhosted.org/packages/53/00/2b1fb43e46e3d986e961e420046453796d67200b58639bd29f18657a39b7/netCDF4-1.7.2-cp310-cp310-macosx_12_0_x86_64.whl", hash = "sha256:5e9b485e3bd9294d25ff7dc9addefce42b3d23c1ee7e3627605277d159819392", size = 2977508, upload-time = "2024-10-22T19:00:28.975Z" },
    { url = "https://files.pythonhosted.org/packages/81/c2/a5001f25de53b7312609d2733ac887a5051c1ce196288af4b9777ead5a75/netCDF4-1.7.2-cp310-cp310-macosx_14_0_arm64.whl", hash = "sha256:118b476fd00d7e3ab9aa7771186d547da645ae3b49c0c7bdab866793ebf22f07", size = 2461128, upload-time = "2024-10-22T19:00:31.415Z" },
    { url = "https://files.pythonhosted.org/packages/da/33/ecb4790d053c58ec03f940ab55aacb59a207e356e57792cfd4b4eedbcc4d/netCDF4-1.7.2-cp310-cp310-manylinux_2_17_aarch64.manylinux2014_aarch64.whl", hash = "sha256:abe5b1837ff209185ecfe50bd71884c866b3ee69691051833e410e57f177e059", size = 9210818, upload-time = "2024-10-22T19:00:33.436Z" },
    { url = "https://files.pythonhosted.org/packages/db/a6/54f0f335b28228b89e1598fda950382c83b1d7b1f75d28c5eebbcb7f113e/netCDF4-1.7.2-cp310-cp310-manylinux_2_17_x86_64.manylinux2014_x86_64.whl", hash = "sha256:28021c7e886e5bccf9a8ce504c032d1d7f98d86f67495fb7cf2c9564eba04510", size = 9059470, upload-time = "2024-10-22T19:00:35.394Z" },
    { url = "https://files.pythonhosted.org/packages/a7/ea/80b9feddd36721f92bac056a7dea41cd48bd4fc676f3f248fc48332d0bd2/netCDF4-1.7.2-cp310-cp310-win_amd64.whl", hash = "sha256:7460b638e41c8ce4179d082a81cb6456f0ce083d4d959f4d9e87a95cd86f64cb", size = 7005418, upload-time = "2024-10-22T19:00:37.774Z" },
    { url = "https://files.pythonhosted.org/packages/d6/dd/c713bfe9aa122fe2d1e3c9320fc436b5ad922c93df24d707d9fffb66b0e2/netcdf4-1.7.2-cp310-cp310-macosx_13_0_x86_64.whl", hash = "sha256:16c3ba053930ed990e58827de6ab03184e407549004fb77438b98e5777e8cf3b", size = 2803405, upload-time = "2025-10-13T18:32:13.58Z" },
    { url = "https://files.pythonhosted.org/packages/75/b7/6b66ad69d034dc81ee2a1617ebd892cf25ff415dc7aa003323884c4a77f0/netcdf4-1.7.2-cp310-cp310-macosx_14_0_arm64.whl", hash = "sha256:142c9ed2db8a87a15ae0530c8a99f4f045435b0f495df733e9f111995e389d4f", size = 2417569, upload-time = "2025-10-13T18:32:15.698Z" },
    { url = "https://files.pythonhosted.org/packages/50/e4/7238549f0625042f8d94ec2f58977bb186a8e2acf4d65b2ad1de2a58d672/netcdf4-1.7.2-cp310-cp310-manylinux_2_27_aarch64.manylinux_2_28_aarch64.whl", hash = "sha256:76cb3bbbbe4cd5fca612578eb105c16217380f7f93af2b549e8f38296bc906bb", size = 9682157, upload-time = "2025-10-13T18:32:17.138Z" },
    { url = "https://files.pythonhosted.org/packages/49/3c/1129ea3943f6f5736be08c2d79ca5965d0a55adbfc38f313a59938a7a62a/netcdf4-1.7.2-cp310-cp310-manylinux_2_27_x86_64.manylinux_2_28_x86_64.whl", hash = "sha256:835ae7bcef666c967241baeeee9bef9376ddb7527297b24735597131f6f628e2", size = 9520752, upload-time = "2025-10-13T18:32:19.493Z" },
    { url = "https://files.pythonhosted.org/packages/0b/eb/144709b60d89eb8995236f49a4e446be87f15b0d63f05dbda55e1315dba3/netcdf4-1.7.2-cp310-cp310-win_amd64.whl", hash = "sha256:73bd7eda3cefb04c4076e76911f652f5ed56bf434e0a3958e367932953437557", size = 7215191, upload-time = "2025-10-13T18:32:21.112Z" },
    { url = "https://files.pythonhosted.org/packages/84/0a/182bb4fe5639699ba39d558b553b8e6f04fbfea6cf78404c0f21ef149bf7/netcdf4-1.7.2-cp311-abi3-macosx_13_0_x86_64.whl", hash = "sha256:7e81c3c47f2772eab0b93fba8bb05b17b58dce17720e1bed25e9d76551deecd0", size = 2751391, upload-time = "2025-10-13T18:32:22.749Z" },
    { url = "https://files.pythonhosted.org/packages/2d/1f/54ac27c791360f7452ca27ed1cb2917946bbe1ea4337c590a5abcef6332d/netcdf4-1.7.2-cp311-abi3-macosx_14_0_arm64.whl", hash = "sha256:cb2791dba37fc98fd1ac4e236c97822909f54efbcdf7f1415c9777810e0a28f4", size = 2387513, upload-time = "2025-10-13T18:32:27.499Z" },
    { url = "https://files.pythonhosted.org/packages/5c/5e/9bf3008a9e45c08f4c9fedce4d6f722ef5d970f56a9c5eb375a200dd2b66/netcdf4-1.7.2-cp311-abi3-manylinux_2_27_aarch64.manylinux_2_28_aarch64.whl", hash = "sha256:bf11480f6b8a5b246818ffff6b4d90481e51f8b9555b41af0c372eb0aaf8b65f", size = 9621674, upload-time = "2025-10-13T18:32:29.193Z" },
    { url = "https://files.pythonhosted.org/packages/a1/75/46871e85f2bbfb1efe229623d25d7c9daa17e2e968d5235572b2c8bb53e8/netcdf4-1.7.2-cp311-abi3-manylinux_2_27_x86_64.manylinux_2_28_x86_64.whl", hash = "sha256:1ccc05328a8ff31921b539821791aeb20b054879f3fdf6d1d505bf6422824fec", size = 9453759, upload-time = "2025-10-13T18:32:31.136Z" },
    { url = "https://files.pythonhosted.org/packages/cd/10/c52f12297965938d9b9be666ea1f9d8340c2aea31d6909d90aa650847248/netcdf4-1.7.2-cp311-abi3-win_amd64.whl", hash = "sha256:999bfc4acebf400ed724d5e7329e2e768accc7ee1fa1d82d505da782f730301b", size = 7148514, upload-time = "2025-10-13T18:32:33.121Z" },
]

[[package]]
name = "numpy"
version = "2.2.6"
source = { registry = "https://pypi.org/simple" }
sdist = { url = "https://files.pythonhosted.org/packages/76/21/7d2a95e4bba9dc13d043ee156a356c0a8f0c6309dff6b21b4d71a073b8a8/numpy-2.2.6.tar.gz", hash = "sha256:e29554e2bef54a90aa5cc07da6ce955accb83f21ab5de01a62c8478897b264fd", size = 20276440, upload-time = "2025-05-17T22:38:04.611Z" }
wheels = [
    { url = "https://files.pythonhosted.org/packages/9a/3e/ed6db5be21ce87955c0cbd3009f2803f59fa08df21b5df06862e2d8e2bdd/numpy-2.2.6-cp310-cp310-macosx_10_9_x86_64.whl", hash = "sha256:b412caa66f72040e6d268491a59f2c43bf03eb6c96dd8f0307829feb7fa2b6fb", size = 21165245, upload-time = "2025-05-17T21:27:58.555Z" },
    { url = "https://files.pythonhosted.org/packages/22/c2/4b9221495b2a132cc9d2eb862e21d42a009f5a60e45fc44b00118c174bff/numpy-2.2.6-cp310-cp310-macosx_11_0_arm64.whl", hash = "sha256:8e41fd67c52b86603a91c1a505ebaef50b3314de0213461c7a6e99c9a3beff90", size = 14360048, upload-time = "2025-05-17T21:28:21.406Z" },
    { url = "https://files.pythonhosted.org/packages/fd/77/dc2fcfc66943c6410e2bf598062f5959372735ffda175b39906d54f02349/numpy-2.2.6-cp310-cp310-macosx_14_0_arm64.whl", hash = "sha256:37e990a01ae6ec7fe7fa1c26c55ecb672dd98b19c3d0e1d1f326fa13cb38d163", size = 5340542, upload-time = "2025-05-17T21:28:30.931Z" },
    { url = "https://files.pythonhosted.org/packages/7a/4f/1cb5fdc353a5f5cc7feb692db9b8ec2c3d6405453f982435efc52561df58/numpy-2.2.6-cp310-cp310-macosx_14_0_x86_64.whl", hash = "sha256:5a6429d4be8ca66d889b7cf70f536a397dc45ba6faeb5f8c5427935d9592e9cf", size = 6878301, upload-time = "2025-05-17T21:28:41.613Z" },
    { url = "https://files.pythonhosted.org/packages/eb/17/96a3acd228cec142fcb8723bd3cc39c2a474f7dcf0a5d16731980bcafa95/numpy-2.2.6-cp310-cp310-manylinux_2_17_aarch64.manylinux2014_aarch64.whl", hash = "sha256:efd28d4e9cd7d7a8d39074a4d44c63eda73401580c5c76acda2ce969e0a38e83", size = 14297320, upload-time = "2025-05-17T21:29:02.78Z" },
    { url = "https://files.pythonhosted.org/packages/b4/63/3de6a34ad7ad6646ac7d2f55ebc6ad439dbbf9c4370017c50cf403fb19b5/numpy-2.2.6-cp310-cp310-manylinux_2_17_x86_64.manylinux2014_x86_64.whl", hash = "sha256:fc7b73d02efb0e18c000e9ad8b83480dfcd5dfd11065997ed4c6747470ae8915", size = 16801050, upload-time = "2025-05-17T21:29:27.675Z" },
    { url = "https://files.pythonhosted.org/packages/07/b6/89d837eddef52b3d0cec5c6ba0456c1bf1b9ef6a6672fc2b7873c3ec4e2e/numpy-2.2.6-cp310-cp310-musllinux_1_2_aarch64.whl", hash = "sha256:74d4531beb257d2c3f4b261bfb0fc09e0f9ebb8842d82a7b4209415896adc680", size = 15807034, upload-time = "2025-05-17T21:29:51.102Z" },
    { url = "https://files.pythonhosted.org/packages/01/c8/dc6ae86e3c61cfec1f178e5c9f7858584049b6093f843bca541f94120920/numpy-2.2.6-cp310-cp310-musllinux_1_2_x86_64.whl", hash = "sha256:8fc377d995680230e83241d8a96def29f204b5782f371c532579b4f20607a289", size = 18614185, upload-time = "2025-05-17T21:30:18.703Z" },
    { url = "https://files.pythonhosted.org/packages/5b/c5/0064b1b7e7c89137b471ccec1fd2282fceaae0ab3a9550f2568782d80357/numpy-2.2.6-cp310-cp310-win32.whl", hash = "sha256:b093dd74e50a8cba3e873868d9e93a85b78e0daf2e98c6797566ad8044e8363d", size = 6527149, upload-time = "2025-05-17T21:30:29.788Z" },
    { url = "https://files.pythonhosted.org/packages/a3/dd/4b822569d6b96c39d1215dbae0582fd99954dcbcf0c1a13c61783feaca3f/numpy-2.2.6-cp310-cp310-win_amd64.whl", hash = "sha256:f0fd6321b839904e15c46e0d257fdd101dd7f530fe03fd6359c1ea63738703f3", size = 12904620, upload-time = "2025-05-17T21:30:48.994Z" },
    { url = "https://files.pythonhosted.org/packages/9e/3b/d94a75f4dbf1ef5d321523ecac21ef23a3cd2ac8b78ae2aac40873590229/numpy-2.2.6-pp310-pypy310_pp73-macosx_10_15_x86_64.whl", hash = "sha256:0b605b275d7bd0c640cad4e5d30fa701a8d59302e127e5f79138ad62762c3e3d", size = 21040391, upload-time = "2025-05-17T21:44:35.948Z" },
    { url = "https://files.pythonhosted.org/packages/17/f4/09b2fa1b58f0fb4f7c7963a1649c64c4d315752240377ed74d9cd878f7b5/numpy-2.2.6-pp310-pypy310_pp73-macosx_14_0_x86_64.whl", hash = "sha256:7befc596a7dc9da8a337f79802ee8adb30a552a94f792b9c9d18c840055907db", size = 6786754, upload-time = "2025-05-17T21:44:47.446Z" },
    { url = "https://files.pythonhosted.org/packages/af/30/feba75f143bdc868a1cc3f44ccfa6c4b9ec522b36458e738cd00f67b573f/numpy-2.2.6-pp310-pypy310_pp73-manylinux_2_17_x86_64.manylinux2014_x86_64.whl", hash = "sha256:ce47521a4754c8f4593837384bd3424880629f718d87c5d44f8ed763edd63543", size = 16643476, upload-time = "2025-05-17T21:45:11.871Z" },
    { url = "https://files.pythonhosted.org/packages/37/48/ac2a9584402fb6c0cd5b5d1a91dcf176b15760130dd386bbafdbfe3640bf/numpy-2.2.6-pp310-pypy310_pp73-win_amd64.whl", hash = "sha256:d042d24c90c41b54fd506da306759e06e568864df8ec17ccc17e9e884634fd00", size = 12812666, upload-time = "2025-05-17T21:45:31.426Z" },
]

[[package]]
name = "ruff"
version = "0.16.5"
source = { registry = "https://pypi.org/simple" }
sdist = { url = "https://files.pythonhosted.org/packages/f3/85/c8e12473c93018f92d19dd988a294202e1c27426c47ec4de53ffb847b8d8/ruff-0.16.5.tar.gz", hash = "sha256:1b88500f9ffbcab3dedb0082c9f9492e91ec3d618aac1236a3e0189938f7040b", size = 4912003, upload-time = "2026-08-27T16:34:18.258Z" }
wheels = [
    { url = "https://files.pythonhosted.org/packages/c6/b6/77c90a970fe2dae17a723acbd011043ea97c98d7deacccefdc4ba74ec512/ruff-0.16.5-py3-none-linux_armv6l.whl", hash = "sha256:12e5f673e774c35fbb62f288809c7653b73445f8ecec6b6063fd6ea3521aa14b", size = 10011941, upload-time = "2026-08-27T16:33:41.287Z" },
    { url = "https://files.pythonhosted.org/packages/4b/46/6cf67cf6411885a1d6f7f6d801682f155536a85176d10b605e2ceffed8bd/ruff-0.16.5-py3-none-macosx_10_12_x86_64.whl", hash = "sha256:eda58a5802de40e7ed5b32b64e0b32539338cc6fcd2c78f61e3ad6a0d79f51c3", size = 10204049, upload-time = "2026-08-27T16:33:44.056Z" },
    { url = "https://files.pythonhosted.org/packages/46/fd/c8720ca7a090abf0c2fef4abe8a5ef6e5127ed15196d8886ff75a2b370e2/ruff-0.16.5-py3-none-macosx_11_0_arm64.whl", hash = "sha256:c5ae9a7b9a8875131f40f8fe967cc86abf899779efd663cb7ce3d572d01da7eb", size = 9809037, upload-time = "2026-08-27T16:33:46.257Z" },
    { url = "https://files.pythonhosted.org/packages/43/45/a684caacdedaca180f52bacccc40bf0789d2c5a7c75f25324853e9eaedb5/ruff-0.16.5-py3-none-manylinux_2_17_aarch64.manylinux2014_aarch64.whl", hash = "sha256:7b719b0a1f4d59710d283ab2965f621684a108a9e41da622e3b23f0326cd0025", size = 9964129, upload-time = "2026-08-27T16:33:48.352Z" },
    { url = "https://files.pythonhosted.org/packages/9e/f2/5d2bcdaca6b5b93d1b4dfc166cd2aebf7680143a1b38a28759df13a94d31/ruff-0.16.5-py3-none-manylinux_2_17_armv7l.manylinux2014_armv7l.whl", hash = "sha256:2298f2780ed1be0c5cb1361e32ab7b1467f3cce7dabe101d2210a314f2fe42e9", size = 9821518, upload-time = "2026-08-27T16:33:50.57Z" },
    { url = "https://files.pythonhosted.org/packages/aa/ff/011cce29accf9257d5974145b733fc653a37985ed6825413a3987cefbfe0/ruff-0.16.5-py3-none-manylinux_2_17_i686.manylinux2014_i686.whl", hash = "sha256:258f29035a2dd021e7861e631b227a5b3f14e50c1184c9a6a122c5f4576154d7", size = 10534835, upload-time = "2026-08-27T16:33:52.522Z" },
    { url = "https://files.pythonhosted.org/packages/d7/5a/f0cf109bada9bba0e96c90c21c9f9251803f57225c32d293327a03c710d6/ruff-0.16.5-py3-none-manylinux_2_17_ppc64le.manylinux2014_ppc64le.whl", hash = "sha256:b9a4f0432966834019c74d1b7e5c51224305d7713f3d7faf3e7451f1a3be3cde", size = 11252550, upload-time = "2026-08-27T16:33:54.521Z" },
    { url = "https://files.pythonhosted.org/packages/63/4d/1d481aaea2046c6a7ed7c291f9004c669cce3c087b6b376ed5b08271e3fe/ruff-0.16.5-py3-none-manylinux_2_17_s390x.manylinux2014_s390x.whl", hash = "sha256:b5eb3a8c3d0ade9cea42b591fd530368e8798380e30e0a308b85a5cf718f09ea", size = 10777949, upload-time = "2026-08-27T16:33:56.88Z" },
    { url = "https://files.pythonhosted.org/packages/ee/34/ee245ca55f64443233034b3d02b03236b19242004281247c079390b7facd/ruff-0.16.5-py3-none-manylinux_2_17_x86_64.manylinux2014_x86_64.whl", hash = "sha256:ef0f69e191a13a3c9816f63163c88790cb12cd157bbbb384e9c44745702ab105", size = 10311656, upload-time = "2026-08-27T16:33:59.12Z" },
    { url = "https://files.pythonhosted.org/packages/a7/4d/c33a333e341c0a2b96c715b52d89a606f5a34cd4ac493cd9b8d0187186b8/ruff-0.16.5-py3-none-manylinux_2_31_riscv64.whl", hash = "sha256:0eeab41fbea2c42f98dfb9822cdccda9d24ba38d49f6dc945b5c236d48f0ef29", size = 10532125, upload-time = "2026-08-27T16:34:01.166Z" },
    { url = "https://files.pythonhosted.org/packages/30/e1/a64cef78b40192497bb98a27a8aa8f2c98ee9ee15bc97f7712d94ef32937/ruff-0.16.5-py3-none-musllinux_1_2_aarch64.whl", hash = "sha256:f0768e9df4300713fff30733c87575f68b6f1d8de41184e505b7fdd9c0c95eaf", size = 10097648, upload-time = "2026-08-27T16:34:03.16Z" },
    { url = "https://files.pythonhosted.org/packages/cc/4e/4cdc9ed3c3e109d2f71e62572a37457298d7bc7501ec3138babb7ed32bbd/ruff-0.16.5-py3-none-musllinux_1_2_armv7l.whl", hash = "sha256:95cc70cdc7aa80c338de356279d2adbeb2de0f520b9ecd8aba75b94e95e02f91", size = 9829344, upload-time = "2026-08-27T16:34:05.134Z" },
    { url = "https://files.pythonhosted.org/packages/39/4a/31ed35ce31729955fc583ee0d176d6e784c1290cb0b0a75cb2134c1ab72a/ruff-0.16.5-py3-none-musllinux_1_2_i686.whl", hash = "sha256:d185c8398ded1bfd91c0c2cb258346307571eccc473a8490af8c3977399c384a", size = 10277117, upload-time = "2026-08-27T16:34:07.425Z" },
    { url = "https://files.pythonhosted.org/packages/a8/a0/60356d86687b4b666d593df213f4dc3041750d024cb7bf2cfa81cfd65c2e/ruff-0.16.5-py3-none-musllinux_1_2_x86_64.whl", hash = "sha256:fb8e3a3c4c6a784150a7ced53b015f4b253fc2bf97a610886419ead64b4756ef", size = 10711653, upload-time = "2026-08-27T16:34:09.712Z" },
    { url = "https://files.pythonhosted.org/packages/ed/20/656d67f5b25ca9bda4e02b1de25867b2954e1d19e03648060f167ad0f4cc/ruff-0.16.5-py3-none-win32.whl", hash = "sha256:288b0a5f080492fe5635db849f9e2e84aa3cce7b7f0e955997d416c507c76a26", size = 10034250, upload-time = "2026-08-27T16:34:11.8Z" },
    { url = "https://files.pythonhosted.org/packages/5b/42/ee8e68a207b9127fcde6c3d7e197def432f346cb1af159e1fa14ca0d1cdc/ruff-0.16.5-py3-none-win_amd64.whl", hash = "sha256:ddc6385fb2137f616357ca03d6c74f4be987f80fed4008566b754f6032b8546f", size = 10516714, upload-time = "2026-08-27T16:34:13.963Z" },
    { url = "https://files.pythonhosted.org/packages/73/e3/7df5a396e445b9ba49ce9a9437439a4d80042c61c0ade199abf8d16de1ac/ruff-0.16.5-py3-none-win_arm64.whl", hash = "sha256:a64abe90968719b851bb7cedffaa8753fbdbdadab483089682db623f3edc587e", size = 10391564, upload-time = "2026-08-27T16:34:16.064Z" },
]

[[package]]
name = "rutide"
source = { editable = "../../" }
dependencies = [
    { name = "numpy" },
]

[package.metadata]
requires-dist = [{ name = "numpy", specifier = ">=1.23.5,<3" }]

[package.metadata.requires-dev]
dev = [{ name = "ruff", specifier = "==0.16.5" }]

[[package]]
name = "rutide-python-baseline"
version = "0.1.0"
source = { editable = "." }
dependencies = [
    { name = "netcdf4" },
    { name = "numpy" },
    { name = "rutide" },
    { name = "scipy" },
    { name = "threadpoolctl" },
]

[package.dev-dependencies]
dev = [
    { name = "ruff" },
]

[package.metadata]
requires-dist = [
    { name = "netcdf4", specifier = "==1.7.2" },
    { name = "numpy", specifier = "==2.2.6" },
    { name = "rutide", editable = "../../" },
    { name = "scipy", specifier = "==1.13.1" },
    { name = "threadpoolctl", specifier = "==3.5.0" },
]

[package.metadata.requires-dev]
dev = [{ name = "ruff", specifier = "==0.16.5" }]

[[package]]
name = "scipy"
version = "1.13.1"
source = { registry = "https://pypi.org/simple" }
dependencies = [
    { name = "numpy" },
]
sdist = { url = "https://files.pythonhosted.org/packages/ae/00/48c2f661e2816ccf2ecd77982f6605b2950afe60f60a52b4cbbc2504aa8f/scipy-1.13.1.tar.gz", hash = "sha256:095a87a0312b08dfd6a6155cbbd310a8c51800fc931b8c0b84003014b874ed3c", size = 57210720, upload-time = "2024-05-23T03:29:26.079Z" }
wheels = [
    { url = "https://files.pythonhosted.org/packages/33/59/41b2529908c002ade869623b87eecff3e11e3ce62e996d0bdcb536984187/scipy-1.13.1-cp310-cp310-macosx_10_9_x86_64.whl", hash = "sha256:20335853b85e9a49ff7572ab453794298bcf0354d8068c5f6775a0eabf350aca", size = 39328076, upload-time = "2024-05-23T03:19:01.687Z" },
    { url = "https://files.pythonhosted.org/packages/d5/33/f1307601f492f764062ce7dd471a14750f3360e33cd0f8c614dae208492c/scipy-1.13.1-cp310-cp310-macosx_12_0_arm64.whl", hash = "sha256:d605e9c23906d1994f55ace80e0125c587f96c020037ea6aa98d01b4bd2e222f", size = 30306232, upload-time = "2024-05-23T03:19:09.089Z" },
    { url = "https://files.pythonhosted.org/packages/c0/66/9cd4f501dd5ea03e4a4572ecd874936d0da296bd04d1c45ae1a4a75d9c3a/scipy-1.13.1-cp310-cp310-manylinux_2_17_aarch64.manylinux2014_aarch64.whl", hash = "sha256:cfa31f1def5c819b19ecc3a8b52d28ffdcc7ed52bb20c9a7589669dd3c250989", size = 33743202, upload-time = "2024-05-23T03:19:15.138Z" },
    { url = "https://files.pythonhosted.org/packages/a3/ba/7255e5dc82a65adbe83771c72f384d99c43063648456796436c9a5585ec3/scipy-1.13.1-cp310-cp310-manylinux_2_17_x86_64.manylinux2014_x86_64.whl", hash = "sha256:f26264b282b9da0952a024ae34710c2aff7d27480ee91a2e82b7b7073c24722f", size = 38577335, upload-time = "2024-05-23T03:19:21.984Z" },
    { url = "https://files.pythonhosted.org/packages/49/a5/bb9ded8326e9f0cdfdc412eeda1054b914dfea952bda2097d174f8832cc0/scipy-1.13.1-cp310-cp310-musllinux_1_1_x86_64.whl", hash = "sha256:eccfa1906eacc02de42d70ef4aecea45415f5be17e72b61bafcfd329bdc52e94", size = 38820728, upload-time = "2024-05-23T03:19:28.225Z" },
    { url = "https://files.pythonhosted.org/packages/12/30/df7a8fcc08f9b4a83f5f27cfaaa7d43f9a2d2ad0b6562cced433e5b04e31/scipy-1.13.1-cp310-cp310-win_amd64.whl", hash = "sha256:2831f0dc9c5ea9edd6e51e6e769b655f08ec6db6e2e10f86ef39bd32eb11da54", size = 46210588, upload-time = "2024-05-23T03:19:35.661Z" },
]

[[package]]
name = "threadpoolctl"
version = "3.5.0"
source = { registry = "https://pypi.org/simple" }
sdist = { url = "https://files.pythonhosted.org/packages/bd/55/b5148dcbf72f5cde221f8bfe3b6a540da7aa1842f6b491ad979a6c8b84af/threadpoolctl-3.5.0.tar.gz", hash = "sha256:082433502dd922bf738de0d8bcc4fdcbf0979ff44c42bd40f5af8a282f6fa107", size = 41936, upload-time = "2024-04-29T13:50:16.544Z" }
wheels = [
    { url = "https://files.pythonhosted.org/packages/4b/2c/ffbf7a134b9ab11a67b0cf0726453cedd9c5043a4fe7a35d1cefa9a1bcfb/threadpoolctl-3.5.0-py3-none-any.whl", hash = "sha256:56c1e26c150397e58c4926da8eeee87533b1e32bef131bd4bf6a2f45f3185467", size = 18414, upload-time = "2024-04-29T13:50:14.014Z" },
]
